{
  "name": "ceo-board",
  "version": "0.1.0",
  "lockfileVersion": 3,
  "requires": true,
  "packages": {
    "": {
      "name": "ceo-board",
      "version": "0.1.0",
      "dependencies": {
        "js-yaml": "^4.1.0"
      },
      "devDependencies": {
        "@mariozechner/pi-ai": "file:../../../../Developer/pi-mono/packages/ai",
        "@mariozechner/pi-coding-agent": "file:../../../../Developer/pi-mono/packages/coding-agent",
        "@mariozechner/pi-tui": "file:../../../../Developer/pi-mono/packages/tui",
        "@sinclair/typebox": "^0.34.0",
        "@types/js-yaml": "^4.0.9",
        "typescript": "^5.7.0"
      }
    },
    "../../../../Developer/pi-mono/packages/ai": {
      "name": "@mariozechner/pi-ai",
      "version": "0.66.1",
      "dev": true,
      "license": "MIT",
      "dependencies": {
        "@anthropic-ai/sdk": "^0.73.0",
        "@aws-sdk/client-bedrock-runtime": "^3.983.0",
        "@google/genai": "^1.40.0",
        "@mistralai/mistralai": "1.14.1",
        "@sinclair/typebox": "^0.34.41",
        "ajv": "^8.17.1",
        "ajv-formats": "^3.0.1",
        "chalk": "^5.6.2",
        "openai": "6.26.0",
        "partial-json": "^0.1.7",
        "proxy-agent": "^6.5.0",
        "undici": "^7.19.1",
        "zod-to-json-schema": "^3.24.6"
      },
      "bin": {
        "pi-ai": "dist/cli.js"
      },
      "devDependencies": {
        "@types/node": "^24.3.0",
        "canvas": "^3.2.0",
        "vitest": "^3.2.4"
      },
      "engines": {
        "node": ">=20.0.0"
      }
    },
    "../../../../Developer/pi-mono/packages/coding-agent": {
      "name": "@mariozechner/pi-coding-agent",
      "version": "0.66.1",
      "dev": true,
      "license": "MIT",
      "dependencies": {
        "@mariozechner/jiti": "^2.6.2",
        "@mariozechner/pi-agent-core": "^0.66.1",
        "@mariozechner/pi-ai": "^0.66.1",
        "@mariozechner/pi-tui": "^0.66.1",
        "@silvia-odwyer/photon-node": "^0.3.4",
        "ajv": "^8.17.1",
        "chalk": "^5.5.0",
        "cli-highlight": "^2.1.11",
        "diff": "^8.0.2",
        "extract-zip": "^2.0.1",
        "file-type": "^21.1.1",
        "glob": "^13.0.1",
        "hosted-git-info": "^9.0.2",
        "ignore": "^7.0.5",
        "marked": "^15.0.12",
        "minimatch": "^10.2.3",
        "proper-lockfile": "^4.1.2",
        "strip-ansi": "^7.1.0",
        "undici": "^7.19.1",
        "yaml": "^2.8.2"
      },
      "bin": {
        "pi": "dist/cli.js"
      },
      "devDependencies": {
        "@types/diff": "^7.0.2",
        "@types/hosted-git-info": "^3.0.5",
        "@types/ms": "^2.1.0",
        "@types/node": "^24.3.0",
        "@types/proper-lockfile": "^4.1.4",
        "shx": "^0.4.0",
        "typescript": "^5.7.3",
        "vitest": "^3.2.4"
      },
      "engines": {
        "node": ">=20.6.0"
      },
      "optionalDependencies": {
        "@mariozechner/clipboard": "^0.3.2"
      }
    },
    "../../../../Developer/pi-mono/packages/tui": {
      "name": "@mariozechner/pi-tui",
      "version": "0.66.1",
      "dev": true,
      "license": "MIT",
      "dependencies": {
        "@types/mime-types": "^2.1.4",
        "chalk": "^5.5.0",
        "get-east-asian-width": "^1.3.0",
        "marked": "^15.0.12",
        "mime-types": "^3.0.1"
      },
      "devDependencies": {
        "@xterm/headless": "^5.5.0",
        "@xterm/xterm": "^5.5.0"
      },
      "engines": {
        "node": ">=20.0.0"
      },
      "optionalDependencies": {
        "koffi": "^2.9.0"
      }
    },
    "node_modules/@mariozechner/pi-ai": {
      "resolved": "../../../../Developer/pi-mono/packages/ai",
      "link": true
    },
    "node_modules/@mariozechner/pi-coding-agent": {
      "resolved": "../../../../Developer/pi-mono/packages/coding-agent",
      "link": true
    },
    "node_modules/@mariozechner/pi-tui": {
      "resolved": "../../../../Developer/pi-mono/packages/tui",
      "link": true
    },
    "node_modules/@sinclair/typebox": {
      "version": "0.34.49",
      "resolved": "https://artifactory.devops.telekom.de/artifactory/api/npm/registry.npmjs.org/@sinclair/typebox/-/typebox-0.34.49.tgz",
      "integrity": "sha512-brySQQs7Jtn0joV8Xh9ZV/hZb9Ozb0pmazDIASBkYKCjXrXU3mpcFahmK/z4YDhGkQvP9mWJbVyahdtU5wQA+A==",
      "dev": true,
      "license": "MIT"
    },
    "node_modules/@types/js-yaml": {
      "version": "4.0.9",
      "resolved": "https://artifactory.devops.telekom.de/artifactory/api/npm/registry.npmjs.org/@types/js-yaml/-/js-yaml-4.0.9.tgz",
      "integrity": "sha512-k4MGaQl5TGo/iipqb2UDG2UwjXziSWkh0uysQelTlJpX1qGlpUZYm8PnO4DxG1qBomtJUdYJ6qR6xdIah10JLg==",
      "dev": true,
      "license": "MIT"
    },
    "node_modules/argparse": {
      "version": "2.0.1",
      "resolved": "https://artifactory.devops.telekom.de/artifactory/api/npm/registry.npmjs.org/argparse/-/argparse-2.0.1.tgz",
      "integrity": "sha512-8+9WqebbFzpX9OR+Wa6O29asIogeRMzcGtAINdpMHHyAg10f05aSFVBbcEqGf/PXw1EjAZ+q2/bEBg3DvurK3Q==",
      "license": "Python-2.0"
    },
    "node_modules/js-yaml": {
      "version": "4.1.1",
      "resolved": "https://artifactory.devops.telekom.de/artifactory/api/npm/registry.npmjs.org/js-yaml/-/js-yaml-4.1.1.tgz",
      "integrity": "sha512-qQKT4zQxXl8lLwBtHMWwaTcGfFOZviOJet3Oy/xmGk2gZH677CJM9EvtfdSkgWcATZhj/55JZ0rmy3myCT5lsA==",
      "license": "MIT",
      "dependencies": {
        "argparse": "^2.0.1"
      },
      "bin": {
        "js-yaml": "bin/js-yaml.js"
      }
    },
    "node_modules/typescript": {
      "version": "5.9.3",
      "resolved": "https://artifactory.devops.telekom.de/artifactory/api/npm/registry.npmjs.org/typescript/-/typescript-5.9.3.tgz",
      "integrity": "sha512-jl1vZzPDinLr9eUt3J/t7V6FgNEw9QjvBPdysz9KfQDD41fQrC2Y4vKQdiaUpFT4bXlb1RHhLpp8wtm6M5TgSw==",
      "dev": true,
      "license": "Apache-2.0",
      "bin": {
        "tsc": "bin/tsc",
        "tsserver": "bin/tsserver"
      },
      "engines": {
        "node": ">=14.17"
      }
    }
  }
}
